
Microsoft Visual Studio Solution File, Format Version 12.00
# Visual Studio Version 17
VisualStudioVersion = 17.1.32210.238
MinimumVisualStudioVersion = 10.0.40219.1
Project("{9A19103F-16F7-4668-BE54-9A1E7A4F7556}") = "7", "7\7.csproj", "{6D760D2A-6D54-4B4B-BB92-B5C20387FA04}"
EndProject
Project("{FAE04EC0-301F-11D3-BF4B-00C04F79EFBC}") = "PersonLibrary", "PersonLibrary\PersonLibrary.csproj", "{5C2F0C1E-5C04-4A46-A08E-B30278F11623}"
EndProject
Project("{FAE04EC0-301F-11D3-BF4B-00C04F79EFBC}") = "StudentLibrary", "StudentLibrary\StudentLibrary.csproj", "{45082DF8-CE61-4C48-A16F-3382DBD177AF}"
EndProject
Project("{FAE04EC0-301F-11D3-BF4B-00C04F79EFBC}") = "AcademyGroupLibrary", "AcademyGroupLibrary\AcademyGroupLibrary.csproj", "{85ABE444-B7E6-4C2C-A8A7-5BB3E767E0F4}"
EndProject
Global
	GlobalSection(SolutionConfigurationPlatforms) = preSolution
		Debug|Any CPU = Debug|Any CPU
		Release|Any CPU = Release|Any CPU
	EndGlobalSection
	GlobalSection(ProjectConfigurationPlatforms) = postSolution
		{6D760D2A-6D54-4B4B-BB92-B5C20387FA04}.Debug|Any CPU.ActiveCfg = Debug|Any CPU
		{6D760D2A-6D54-4B4B-BB92-B5C20387FA04}.Debug|Any CPU.Build.0 = Debug|Any CPU
		{6D760D2A-6D54-4B4B-BB92-B5C20387FA04}.Release|Any CPU.ActiveCfg = Release|Any CPU
		{6D760D2A-6D54-4B4B-BB92-B5C20387FA04}.Release|Any CPU.Build.0 = Release|Any CPU
		{5C2F0C1E-5C04-4A46-A08E-B30278F11623}.Debug|Any CPU.ActiveCfg = Debug|Any CPU
		{5C2F0C1E-5C04-4A46-A08E-B30278F11623}.Debug|Any CPU.Build.0 = Debug|Any CPU
		{5C2F0C1E-5C04-4A46-A08E-B30278F11623}.Release|Any CPU.ActiveCfg = Release|Any CPU
		{5C2F0C1E-5C04-4A46-A08E-B30278F11623}.Release|Any CPU.Build.0 = Release|Any CPU
		{45082DF8-CE61-4C48-A16F-3382DBD177AF}.Debug|Any CPU.ActiveCfg = Debug|Any CPU
		{45082DF8-CE61-4C48-A16F-3382DBD177AF}.Debug|Any CPU.Build.0 = Debug|Any CPU
		{45082DF8-CE61-4C48-A16F-3382DBD177AF}.Release|Any CPU.ActiveCfg = Release|Any CPU
		{45082DF8-CE61-4C48-A16F-3382DBD177AF}.Release|Any CPU.Build.0 = Release|Any CPU
		{85ABE444-B7E6-4C2C-A8A7-5BB3E767E0F4}.Debug|Any CPU.ActiveCfg = Debug|Any CPU
		{85ABE444-B7E6-4C2C-A8A7-5BB3E767E0F4}.Debug|Any CPU.Build.0 = Debug|Any CPU
		{85ABE444-B7E6-4C2C-A8A7-5BB3E767E0F4}.Release|Any CPU.ActiveCfg = Release|Any CPU
		{85ABE444-B7E6-4C2C-A8A7-5BB3E767E0F4}.Release|Any CPU.Build.0 = Release|Any CPU
	EndGlobalSection
	GlobalSection(SolutionProperties) = preSolution
		HideSolutionNode = FALSE
	EndGlobalSection
	GlobalSection(ExtensibilityGlobals) = postSolution
		SolutionGuid = {2824BB81-85CC-4E3B-98A3-E3E0E23B200D}
	EndGlobalSection
EndGlobal
