
Microsoft Visual Studio Solution File, Format Version 12.00
# Visual Studio Version 17
VisualStudioVersion = 17.4.33403.182
MinimumVisualStudioVersion = 10.0.40219.1
Project("{9A19103F-16F7-4668-BE54-9A1E7A4F7556}") = "20", "20\20.csproj", "{59238EC0-B7DA-4112-BD8D-997387EF34EF}"
EndProject
Project("{9A19103F-16F7-4668-BE54-9A1E7A4F7556}") = "20.2", "20.2\20.2.csproj", "{DC0CA070-7C86-41F4-9F7A-EFD26641D179}"
EndProject
Project("{FAE04EC0-301F-11D3-BF4B-00C04F79EFBC}") = "20.3", "20.3\20.3.csproj", "{65071991-84BA-43CA-BAE6-B5C2D92A759F}"
EndProject
Global
	GlobalSection(SolutionConfigurationPlatforms) = preSolution
		Debug|Any CPU = Debug|Any CPU
		Release|Any CPU = Release|Any CPU
	EndGlobalSection
	GlobalSection(ProjectConfigurationPlatforms) = postSolution
		{59238EC0-B7DA-4112-BD8D-997387EF34EF}.Debug|Any CPU.ActiveCfg = Debug|Any CPU
		{59238EC0-B7DA-4112-BD8D-997387EF34EF}.Debug|Any CPU.Build.0 = Debug|Any CPU
		{59238EC0-B7DA-4112-BD8D-997387EF34EF}.Release|Any CPU.ActiveCfg = Release|Any CPU
		{59238EC0-B7DA-4112-BD8D-997387EF34EF}.Release|Any CPU.Build.0 = Release|Any CPU
		{DC0CA070-7C86-41F4-9F7A-EFD26641D179}.Debug|Any CPU.ActiveCfg = Debug|Any CPU
		{DC0CA070-7C86-41F4-9F7A-EFD26641D179}.Debug|Any CPU.Build.0 = Debug|Any CPU
		{DC0CA070-7C86-41F4-9F7A-EFD26641D179}.Release|Any CPU.ActiveCfg = Release|Any CPU
		{DC0CA070-7C86-41F4-9F7A-EFD26641D179}.Release|Any CPU.Build.0 = Release|Any CPU
		{65071991-84BA-43CA-BAE6-B5C2D92A759F}.Debug|Any CPU.ActiveCfg = Debug|Any CPU
		{65071991-84BA-43CA-BAE6-B5C2D92A759F}.Debug|Any CPU.Build.0 = Debug|Any CPU
		{65071991-84BA-43CA-BAE6-B5C2D92A759F}.Release|Any CPU.ActiveCfg = Release|Any CPU
		{65071991-84BA-43CA-BAE6-B5C2D92A759F}.Release|Any CPU.Build.0 = Release|Any CPU
	EndGlobalSection
	GlobalSection(SolutionProperties) = preSolution
		HideSolutionNode = FALSE
	EndGlobalSection
	GlobalSection(ExtensibilityGlobals) = postSolution
		SolutionGuid = {9A106413-3EDC-4F70-811F-C3A5C36D2CF4}
	EndGlobalSection
EndGlobal
